
Microsoft Visual Studio Solution File, Format Version 12.00
# Visual Studio Version 17
VisualStudioVersion = 17.13.35825.156 d17.13
MinimumVisualStudioVersion = 10.0.40219.1
Project("{FAE04EC0-301F-11D3-BF4B-00C04F79EFBC}") = "fileserver.api", "fileserver.api\fileserver.api.csproj", "{FDE5CF3B-AD4E-42F3-8178-52960675DAED}"
EndProject
Global
	GlobalSection(SolutionConfigurationPlatforms) = preSolution
		Debug|Any CPU = Debug|Any CPU
		Release|Any CPU = Release|Any CPU
	EndGlobalSection
	GlobalSection(ProjectConfigurationPlatforms) = postSolution
		{FDE5CF3B-AD4E-42F3-8178-52960675DAED}.Debug|Any CPU.ActiveCfg = Debug|Any CPU
		{FDE5CF3B-AD4E-42F3-8178-52960675DAED}.Debug|Any CPU.Build.0 = Debug|Any CPU
		{FDE5CF3B-AD4E-42F3-8178-52960675DAED}.Release|Any CPU.ActiveCfg = Release|Any CPU
		{FDE5CF3B-AD4E-42F3-8178-52960675DAED}.Release|Any CPU.Build.0 = Release|Any CPU
	EndGlobalSection
	GlobalSection(SolutionProperties) = preSolution
		HideSolutionNode = FALSE
	EndGlobalSection
	GlobalSection(ExtensibilityGlobals) = postSolution
		SolutionGuid = {9C8490FE-9538-41BA-8855-23038FE8531D}
	EndGlobalSection
EndGlobal
